Microsoft Visual Studio Solution File, Format Version 12.00
# Visual Studio Version 16
VisualStudioVersion = 16.0.29905.134
MinimumVisualStudioVersion = 10.0.40219.1
Project("{9A19103F-16F7-4668-BE54-9A1E7A4F7556}") = "NLog.Mongo", "src\NLog.Mongo\NLog.Mongo.csproj", "{97D08F95-F710-4AF1-A49D-D2CFF770E764}"
EndProject
Project("{9A19103F-16F7-4668-BE54-9A1E7A4F7556}") = "NLog.Mongo.ConsoleTest", "test\NLog.Mongo.ConsoleTest\NLog.Mongo.ConsoleTest.csproj", "{10901848-3067-4CB7-8B45-5FB1903CF57D}"
EndProject
Project("{2150E333-8FDC-42A3-9474-1A3956D46DE8}") = "build", "build", "{061EE777-D34B-43A8-AEFD-4557D39A9C94}"
	ProjectSection(SolutionItems) = preProject
		appveyor.yml = appveyor.yml
		build\common.props = build\common.props
		build\sourcelink.props = build\sourcelink.props
		build\version.props = build\version.props
	EndProjectSection
EndProject
Global
	GlobalSection(SolutionConfigurationPlatforms) = preSolution
		Debug|Any CPU = Debug|Any CPU
		Debug|x64 = Debug|x64
		Debug|x86 = Debug|x86
		Release|Any CPU = Release|Any CPU
		Release|x64 = Release|x64
		Release|x86 = Release|x86
	EndGlobalSection
	GlobalSection(ProjectConfigurationPlatforms) = postSolution
		{97D08F95-F710-4AF1-A49D-D2CFF770E764}.Debug|Any CPU.ActiveCfg = Debug|Any CPU
		{97D08F95-F710-4AF1-A49D-D2CFF770E764}.Debug|Any CPU.Build.0 = Debug|Any CPU
		{97D08F95-F710-4AF1-A49D-D2CFF770E764}.Debug|x64.ActiveCfg = Debug|Any CPU
		{97D08F95-F710-4AF1-A49D-D2CFF770E764}.Debug|x64.Build.0 = Debug|Any CPU
		{97D08F95-F710-4AF1-A49D-D2CFF770E764}.Debug|x86.ActiveCfg = Debug|Any CPU
		{97D08F95-F710-4AF1-A49D-D2CFF770E764}.Debug|x86.Build.0 = Debug|Any CPU
		{97D08F95-F710-4AF1-A49D-D2CFF770E764}.Release|Any CPU.ActiveCfg = Release|Any CPU
		{97D08F95-F710-4AF1-A49D-D2CFF770E764}.Release|Any CPU.Build.0 = Release|Any CPU
		{97D08F95-F710-4AF1-A49D-D2CFF770E764}.Release|x64.ActiveCfg = Release|Any CPU
		{97D08F95-F710-4AF1-A49D-D2CFF770E764}.Release|x64.Build.0 = Release|Any CPU
		{97D08F95-F710-4AF1-A49D-D2CFF770E764}.Release|x86.ActiveCfg = Release|Any CPU
		{97D08F95-F710-4AF1-A49D-D2CFF770E764}.Release|x86.Build.0 = Release|Any CPU
		{10901848-3067-4CB7-8B45-5FB1903CF57D}.Debug|Any CPU.ActiveCfg = Debug|Any CPU
		{10901848-3067-4CB7-8B45-5FB1903CF57D}.Debug|Any CPU.Build.0 = Debug|Any CPU
		{10901848-3067-4CB7-8B45-5FB1903CF57D}.Debug|x64.ActiveCfg = Debug|Any CPU
		{10901848-3067-4CB7-8B45-5FB1903CF57D}.Debug|x64.Build.0 = Debug|Any CPU
		{10901848-3067-4CB7-8B45-5FB1903CF57D}.Debug|x86.ActiveCfg = Debug|Any CPU
		{10901848-3067-4CB7-8B45-5FB1903CF57D}.Debug|x86.Build.0 = Debug|Any CPU
		{10901848-3067-4CB7-8B45-5FB1903CF57D}.Release|Any CPU.ActiveCfg = Release|Any CPU
		{10901848-3067-4CB7-8B45-5FB1903CF57D}.Release|Any CPU.Build.0 = Release|Any CPU
		{10901848-3067-4CB7-8B45-5FB1903CF57D}.Release|x64.ActiveCfg = Release|Any CPU
		{10901848-3067-4CB7-8B45-5FB1903CF57D}.Release|x64.Build.0 = Release|Any CPU
		{10901848-3067-4CB7-8B45-5FB1903CF57D}.Release|x86.ActiveCfg = Release|Any CPU
		{10901848-3067-4CB7-8B45-5FB1903CF57D}.Release|x86.Build.0 = Release|Any CPU
	EndGlobalSection
	GlobalSection(SolutionProperties) = preSolution
		HideSolutionNode = FALSE
	EndGlobalSection
	GlobalSection(ExtensibilityGlobals) = postSolution
		SolutionGuid = {13AFC938-04BE-4202-8EB8-235FBAB5C082}
	EndGlobalSection
EndGlobal
